{
  "name": "langgraph-starter",
  "version": "1.0.0",
  "lockfileVersion": 3,
  "requires": true,
  "packages": {
    "": {
      "name": "langgraph-starter",
      "version": "1.0.0",
      "license": "ISC",
      "dependencies": {
        "@enter-pro/enter-cli": "^0.4.0",
        "@enter-pro/enter-code": "^1.0.12"
      }
    },
    "node_modules/@enter-pro/enter-cli": {
      "version": "0.4.0",
      "resolved": "https://registry.npmjs.org/@enter-pro/enter-cli/-/enter-cli-0.4.0.tgz",
      "integrity": "sha512-pvumTQO1Km25q7TzxfkpPQHKc4wDY6/vmh/nKP7uAqVj1NdoKKP/81loqUJrm8kVOUKNbiB815hy6aU64agZFA==",
      "license": "MIT",
      "dependencies": {
        "commander": "^13.0.0",
        "js-yaml": "^4.1.0"
      },
      "bin": {
        "enter-cli": "dist/index.js"
      },
      "engines": {
        "node": ">=18.0.0"
      }
    },
    "node_modules/@enter-pro/enter-code": {
      "version": "1.0.12",
      "resolved": "https://registry.npmjs.org/@enter-pro/enter-code/-/enter-code-1.0.12.tgz",
      "integrity": "sha512-auidQ0c4R64EqJ582n5Z37+vYFKU8CCmez86AzY8hwOhNfqHwXEopEGJpRgw1R2YvPQzEllu9bHMDN9Z0Wc75A==",
      "hasInstallScript": true,
      "license": "MIT",
      "bin": {
        "enter": "bin/enter"
      },
      "optionalDependencies": {
        "@enter-pro/enter-code-darwin-arm64": "1.0.12",
        "@enter-pro/enter-code-darwin-x64": "1.0.12",
        "@enter-pro/enter-code-linux-arm64": "1.0.12",
        "@enter-pro/enter-code-linux-x64": "1.0.12",
        "@enter-pro/enter-code-win32-arm64": "1.0.12",
        "@enter-pro/enter-code-win32-x64": "1.0.12"
      }
    },
    "node_modules/@enter-pro/enter-code-darwin-arm64": {
      "version": "1.0.12",
      "resolved": "https://registry.npmjs.org/@enter-pro/enter-code-darwin-arm64/-/enter-code-darwin-arm64-1.0.12.tgz",
      "integrity": "sha512-a9cr7ohA9AlYibL+Niaeu/X/Hs33E0iD1mum9CT+Z7wJ6dNulBegKvoBsHtlXjK2/wjZutBvh8xivmaM5eR2xw==",
      "cpu": [
        "arm64"
      ],
      "license": "MIT",
      "optional": true,
      "os": [
        "darwin"
      ]
    },
    "node_modules/@enter-pro/enter-code-darwin-x64": {
      "version": "1.0.12",
      "resolved": "https://registry.npmjs.org/@enter-pro/enter-code-darwin-x64/-/enter-code-darwin-x64-1.0.12.tgz",
      "integrity": "sha512-rXoV4boh8oR/DYfwlRrVBU/qiCwih2KHNpbMLCOVnPXRTTyNgjKHOFIHLCc2fLa0SZgZB8S0oPlkYwb8FV+Ong==",
      "cpu": [
        "x64"
      ],
      "license": "MIT",
      "optional": true,
      "os": [
        "darwin"
      ]
    },
    "node_modules/@enter-pro/enter-code-linux-arm64": {
      "version": "1.0.12",
      "resolved": "https://registry.npmjs.org/@enter-pro/enter-code-linux-arm64/-/enter-code-linux-arm64-1.0.12.tgz",
      "integrity": "sha512-4C8Znt8+ZVsoeXXRsXlP6eBBTtw0WURsp4MjWNu35nZGfsdWjPrH4vOWjaho1orJ2CvxZ+6oCNVSjcMDOLZSfg==",
      "cpu": [
        "arm64"
      ],
      "license": "MIT",
      "optional": true,
      "os": [
        "linux"
      ]
    },
    "node_modules/@enter-pro/enter-code-linux-x64": {
      "version": "1.0.12",
      "resolved": "https://registry.npmjs.org/@enter-pro/enter-code-linux-x64/-/enter-code-linux-x64-1.0.12.tgz",
      "integrity": "sha512-OIFlkTa7EiSrkQlGi1a4rHurMfcpVFB1DT9+YOEmb/OGuUqmKdMMpnvpdZP1+y88ra7fAopBMgrQKqRI4LlCvw==",
      "cpu": [
        "x64"
      ],
      "license": "MIT",
      "optional": true,
      "os": [
        "linux"
      ]
    },
    "node_modules/@enter-pro/enter-code-win32-arm64": {
      "version": "1.0.12",
      "resolved": "https://registry.npmjs.org/@enter-pro/enter-code-win32-arm64/-/enter-code-win32-arm64-1.0.12.tgz",
      "integrity": "sha512-X0TeoRPVSWpI2LyMlmQdqdxRH4L2yjSHXWkL4FogPZa5vQhBIteKoj+vCX0d3qvFGRmBcPsawhTNS0YFKan3dA==",
      "cpu": [
        "arm64"
      ],
      "license": "MIT",
      "optional": true,
      "os": [
        "win32"
      ]
    },
    "node_modules/@enter-pro/enter-code-win32-x64": {
      "version": "1.0.12",
      "resolved": "https://registry.npmjs.org/@enter-pro/enter-code-win32-x64/-/enter-code-win32-x64-1.0.12.tgz",
      "integrity": "sha512-2mDmaItuXBpYS76zRpdofkN6vHh+HrTRGCsWBpOjvgjq/z6LtLJsEayaw/PJoZtcLW4tfFd3Y/w1egvYgPcBqg==",
      "cpu": [
        "x64"
      ],
      "license": "MIT",
      "optional": true,
      "os": [
        "win32"
      ]
    },
    "node_modules/argparse": {
      "version": "2.0.1",
      "resolved": "https://registry.npmjs.org/argparse/-/argparse-2.0.1.tgz",
      "integrity": "sha512-8+9WqebbFzpX9OR+Wa6O29asIogeRMzcGtAINdpMHHyAg10f05aSFVBbcEqGf/PXw1EjAZ+q2/bEBg3DvurK3Q==",
      "license": "Python-2.0"
    },
    "node_modules/commander": {
      "version": "13.1.0",
      "resolved": "https://registry.npmjs.org/commander/-/commander-13.1.0.tgz",
      "integrity": "sha512-/rFeCpNJQbhSZjGVwO9RFV3xPqbnERS8MmIQzCtD/zl6gpJuV/bMLuN92oG3F7d8oDEHHRrujSXNUr8fpjntKw==",
      "license": "MIT",
      "engines": {
        "node": ">=18"
      }
    },
    "node_modules/js-yaml": {
      "version": "4.2.0",
      "resolved": "https://registry.npmjs.org/js-yaml/-/js-yaml-4.2.0.tgz",
      "integrity": "sha512-ePWsvanv0DWuDRsW8dnt+R4jQ31SCRCQ7hhNcPXZPsoBZiemuZNYGf7adZdqX2D86j6rvKp3RpCxVTSb8WQlOw==",
      "funding": [
        {
          "type": "github",
          "url": "https://github.com/sponsors/puzrin"
        },
        {
          "type": "github",
          "url": "https://github.com/sponsors/nodeca"
        }
      ],
      "license": "MIT",
      "dependencies": {
        "argparse": "^2.0.1"
      },
      "bin": {
        "js-yaml": "bin/js-yaml.js"
      }
    }
  }
}
